{
  "name": "arcticjs-test-app",
  "version": "1.0.0",
  "lockfileVersion": 1,
  "requires": true,
  "dependencies": {
    "@openarctic/arcticjs": {
      "version": "0.1.3",
      "resolved": "https://npm.pkg.github.com/download/@openarctic/arcticjs/0.1.3/221e7a63ff14b3213b63f35281f3fbb75bc968b2b42d7dc059c2346fd99eafa4",
      "integrity": "sha512-0yVAMHYIZrH4gGHVT7glZccpayUAgIG3C/H4OEaxhHGYH/vtBoy5qtMeNGCAyDEJzZ7cqWit0lOfqtxQn3bDcA==",
      "requires": {
        "bindings": "~1.2.1",
        "node-addon-api": "^3.0.0"
      }
    },
    "bindings": {
      "version": "1.2.1",
      "resolved": "https://registry.npmjs.org/bindings/-/bindings-1.2.1.tgz",
      "integrity": "sha1-FK1hE4EtLTfXLme0ystLtyZQXxE="
    },
    "node-addon-api": {
      "version": "3.0.0",
      "resolved": "https://registry.npmjs.org/node-addon-api/-/node-addon-api-3.0.0.tgz",
      "integrity": "sha512-sSHCgWfJ+Lui/u+0msF3oyCgvdkhxDbkCS6Q8uiJquzOimkJBvX6hl5aSSA7DR1XbMpdM8r7phjcF63sF4rkKg=="
    }
  }
}
